
Microsoft Visual Studio Solution File, Format Version 12.00
# Visual Studio 15
VisualStudioVersion = 15.0.26228.4
MinimumVisualStudioVersion = 10.0.40219.1
Project("{FAE04EC0-301F-11D3-BF4B-00C04F79EFBC}") = "UcherMBlog.API", "UcherMBlog.API\UcherMBlog.API.csproj", "{09C4DAF4-6C79-4827-8090-1E28C91BDA36}"
EndProject
Project("{FAE04EC0-301F-11D3-BF4B-00C04F79EFBC}") = "UcherMBlog.WebApp", "UcherMBlog.WebApp\UcherMBlog.WebApp.csproj", "{AD86DBCA-BF6A-48F1-A25B-907659575692}"
EndProject
Global
	GlobalSection(SolutionConfigurationPlatforms) = preSolution
		Debug|Any CPU = Debug|Any CPU
		Release|Any CPU = Release|Any CPU
	EndGlobalSection
	GlobalSection(ProjectConfigurationPlatforms) = postSolution
		{09C4DAF4-6C79-4827-8090-1E28C91BDA36}.Debug|Any CPU.ActiveCfg = Debug|Any CPU
		{09C4DAF4-6C79-4827-8090-1E28C91BDA36}.Debug|Any CPU.Build.0 = Debug|Any CPU
		{09C4DAF4-6C79-4827-8090-1E28C91BDA36}.Release|Any CPU.ActiveCfg = Release|Any CPU
		{09C4DAF4-6C79-4827-8090-1E28C91BDA36}.Release|Any CPU.Build.0 = Release|Any CPU
		{AD86DBCA-BF6A-48F1-A25B-907659575692}.Debug|Any CPU.ActiveCfg = Debug|Any CPU
		{AD86DBCA-BF6A-48F1-A25B-907659575692}.Debug|Any CPU.Build.0 = Debug|Any CPU
		{AD86DBCA-BF6A-48F1-A25B-907659575692}.Release|Any CPU.ActiveCfg = Release|Any CPU
		{AD86DBCA-BF6A-48F1-A25B-907659575692}.Release|Any CPU.Build.0 = Release|Any CPU
	EndGlobalSection
	GlobalSection(SolutionProperties) = preSolution
		HideSolutionNode = FALSE
	EndGlobalSection
EndGlobal
